// !$*UTF8*$!
{
	archiveVersion = 1;
	classes = {
	};
	objectVersion = 56;
	objects = {

/* Begin PBXBuildFile section */
		FBAA5E312C778BF300431E3B /* Day18_AppleWalletApp.swift in Sources */ = {isa = PBXBuildFile; fileRef = FBAA5E302C778BF300431E3B /* Day18_AppleWalletApp.swift */; };
		FBAA5E332C778BF300431E3B /* WalletView.swift in Sources */ = {isa = PBXBuildFile; fileRef = FBAA5E322C778BF300431E3B /* WalletView.swift */; };
		FBAA5E352C778BF600431E3B /* Assets.xcassets in Resources */ = {isa = PBXBuildFile; fileRef = FBAA5E342C778BF600431E3B /* Assets.xcassets */; };
		FBAA5E382C778BF600431E3B /* Preview Assets.xcassets in Resources */ = {isa = PBXBuildFile; fileRef = FBAA5E372C778BF600431E3B /* Preview Assets.xcassets */; };
		FBAA5E3F2C778D3600431E3B /* Transaction.swift in Sources */ = {isa = PBXBuildFile; fileRef = FBAA5E3E2C778D3600431E3B /* Transaction.swift */; };
		FBAA5E412C778F6F00431E3B /* Card.swift in Sources */ = {isa = PBXBuildFile; fileRef = FBAA5E402C778F6F00431E3B /* Card.swift */; };
		FBAA5E622C78CD7500431E3B /* TransactionHistoryView.swift in Sources */ = {isa = PBXBuildFile; fileRef = FBAA5E612C78CD7500431E3B /* TransactionHistoryView.swift */; };
		FBAA5E642C78DA6A00431E3B /* CardView.swift in Sources */ = {isa = PBXBuildFile; fileRef = FBAA5E632C78DA6A00431E3B /* CardView.swift */; };
/* End PBXBuildFile section */

/* Begin PBXFileReference section */
		FBAA5E2D2C778BF300431E3B /* Day18-AppleWallet.app */ = {isa = PBXFileReference; explicitFileType = wrapper.application; includeInIndex = 0; path = "Day18-AppleWallet.app"; sourceTree = BUILT_PRODUCTS_DIR; };
		FBAA5E302C778BF300431E3B /* Day18_AppleWalletApp.swift */ = {isa = PBXFileReference; lastKnownFileType = sourcecode.swift; path = Day18_AppleWalletApp.swift; sourceTree = "<group>"; };
		FBAA5E322C778BF300431E3B /* WalletView.swift */ = {isa = PBXFileReference; lastKnownFileType = sourcecode.swift; path = WalletView.swift; sourceTree = "<group>"; };
		FBAA5E342C778BF600431E3B /* Assets.xcassets */ = {isa = PBXFileReference; lastKnownFileType = folder.assetcatalog; path = Assets.xcassets; sourceTree = "<group>"; };
		FBAA5E372C778BF600431E3B /* Preview Assets.xcassets */ = {isa = PBXFileReference; lastKnownFileType = folder.assetcatalog; path = "Preview Assets.xcassets"; sourceTree = "<group>"; };
		FBAA5E3E2C778D3600431E3B /* Transaction.swift */ = {isa = PBXFileReference; lastKnownFileType = sourcecode.swift; path = Transaction.swift; sourceTree = "<group>"; };
		FBAA5E402C778F6F00431E3B /* Card.swift */ = {isa = PBXFileReference; lastKnownFileType = sourcecode.swift; path = Card.swift; sourceTree = "<group>"; };
		FBAA5E612C78CD7500431E3B /* TransactionHistoryView.swift */ = {isa = PBXFileReference; lastKnownFileType = sourcecode.swift; path = TransactionHistoryView.swift; sourceTree = "<group>"; };
		FBAA5E632C78DA6A00431E3B /* CardView.swift */ = {isa = PBXFileReference; lastKnownFileType = sourcecode.swift; path = CardView.swift; sourceTree = "<group>"; };
/* End PBXFileReference section */

/* Begin PBXFrameworksBuildPhase section */
		FBAA5E2A2C778BF300431E3B /* Frameworks */ = {
			isa = PBXFrameworksBuildPhase;
			buildActionMask = 2147483647;
			files = (
			);
			runOnlyForDeploymentPostprocessing = 0;
		};
/* End PBXFrameworksBuildPhase section */

/* Begin PBXGroup section */
		FBAA5E242C778BF300431E3B = {
			isa = PBXGroup;
			children = (
				FBAA5E2F2C778BF300431E3B /* Day18-AppleWallet */,
				FBAA5E2E2C778BF300431E3B /* Products */,
			);
			sourceTree = "<group>";
		};
		FBAA5E2E2C778BF300431E3B /* Products */ = {
			isa = PBXGroup;
			children = (
				FBAA5E2D2C778BF300431E3B /* Day18-AppleWallet.app */,
			);
			name = Products;
			sourceTree = "<group>";
		};
		FBAA5E2F2C778BF300431E3B /* Day18-AppleWallet */ = {
			isa = PBXGroup;
			children = (
				FBAA5E442C77922F00431E3B /* App */,
				FBAA5E432C77922400431E3B /* View */,
				FBAA5E422C77920A00431E3B /* Model */,
				FBAA5E342C778BF600431E3B /* Assets.xcassets */,
				FBAA5E362C778BF600431E3B /* Preview Content */,
			);
			path = "Day18-AppleWallet";
			sourceTree = "<group>";
		};
		FBAA5E362C778BF600431E3B /* Preview Content */ = {
			isa = PBXGroup;
			children = (
				FBAA5E372C778BF600431E3B /* Preview Assets.xcassets */,
			);
			path = "Preview Content";
			sourceTree = "<group>";
		};
		FBAA5E422C77920A00431E3B /* Model */ = {
			isa = PBXGroup;
			children = (
				FBAA5E402C778F6F00431E3B /* Card.swift */,
				FBAA5E3E2C778D3600431E3B /* Transaction.swift */,
			);
			path = Model;
			sourceTree = "<group>";
		};
		FBAA5E432C77922400431E3B /* View */ = {
			isa = PBXGroup;
			children = (
				FBAA5E322C778BF300431E3B /* WalletView.swift */,
				FBAA5E612C78CD7500431E3B /* TransactionHistoryView.swift */,
				FBAA5E632C78DA6A00431E3B /* CardView.swift */,
			);
			path = View;
			sourceTree = "<group>";
		};
		FBAA5E442C77922F00431E3B /* App */ = {
			isa = PBXGroup;
			children = (
				FBAA5E302C778BF300431E3B /* Day18_AppleWalletApp.swift */,
			);
			path = App;
			sourceTree = "<group>";
		};
/* End PBXGroup section */

/* Begin PBXNativeTarget section */
		FBAA5E2C2C778BF300431E3B /* Day18-AppleWallet */ = {
			isa = PBXNativeTarget;
			buildConfigurationList = FBAA5E3B2C778BF600431E3B /* Build configuration list for PBXNativeTarget "Day18-AppleWallet" */;
			buildPhases = (
				FBAA5E292C778BF300431E3B /* Sources */,
				FBAA5E2A2C778BF300431E3B /* Frameworks */,
				FBAA5E2B2C778BF300431E3B /* Resources */,
			);
			buildRules = (
			);
			dependencies = (
			);
			name = "Day18-AppleWallet";
			productName = "Day18-AppleWallet";
			productReference = FBAA5E2D2C778BF300431E3B /* Day18-AppleWallet.app */;
			productType = "com.apple.product-type.application";
		};
/* End PBXNativeTarget section */

/* Begin PBXProject section */
		FBAA5E252C778BF300431E3B /* Project object */ = {
			isa = PBXProject;
			attributes = {
				BuildIndependentTargetsInParallel = 1;
				LastSwiftUpdateCheck = 1540;
				LastUpgradeCheck = 1540;
				TargetAttributes = {
					FBAA5E2C2C778BF300431E3B = {
						CreatedOnToolsVersion = 15.4;
					};
				};
			};
			buildConfigurationList = FBAA5E282C778BF300431E3B /* Build configuration list for PBXProject "Day18-AppleWallet" */;
			compatibilityVersion = "Xcode 14.0";
			developmentRegion = en;
			hasScannedForEncodings = 0;
			knownRegions = (
				en,
				Base,
			);
			mainGroup = FBAA5E242C778BF300431E3B;
			productRefGroup = FBAA5E2E2C778BF300431E3B /* Products */;
			projectDirPath = "";
			projectRoot = "";
			targets = (
				FBAA5E2C2C778BF300431E3B /* Day18-AppleWallet */,
			);
		};
/* End PBXProject section */

/* Begin PBXResourcesBuildPhase section */
		FBAA5E2B2C778BF300431E3B /* Resources */ = {
			isa = PBXResourcesBuildPhase;
			buildActionMask = 2147483647;
			files = (
				FBAA5E382C778BF600431E3B /* Preview Assets.xcassets in Resources */,
				FBAA5E352C778BF600431E3B /* Assets.xcassets in Resources */,
			);
			runOnlyForDeploymentPostprocessing = 0;
		};
/* End PBXResourcesBuildPhase section */

/* Begin PBXSourcesBuildPhase section */
		FBAA5E292C778BF300431E3B /* Sources */ = {
			isa = PBXSourcesBuildPhase;
			buildActionMask = 2147483647;
			files = (
				FBAA5E332C778BF300431E3B /* WalletView.swift in Sources */,
				FBAA5E312C778BF300431E3B /* Day18_AppleWalletApp.swift in Sources */,
				FBAA5E3F2C778D3600431E3B /* Transaction.swift in Sources */,
				FBAA5E622C78CD7500431E3B /* TransactionHistoryView.swift in Sources */,
				FBAA5E642C78DA6A00431E3B /* CardView.swift in Sources */,
				FBAA5E412C778F6F00431E3B /* Card.swift in Sources */,
			);
			runOnlyForDeploymentPostprocessing = 0;
		};
/* End PBXSourcesBuildPhase section */

/* Begin XCBuildConfiguration section */
		FBAA5E392C778BF600431E3B /* Debug */ = {
			isa = XCBuildConfiguration;
			buildSettings = {
				ALWAYS_SEARCH_USER_PATHS = NO;
				ASSETCATALOG_COMPILER_GENERATE_SWIFT_ASSET_SYMBOL_EXTENSIONS = YES;
				CLANG_ANALYZER_NONNULL = YES;
				CLANG_ANALYZER_NUMBER_OBJECT_CONVERSION = YES_AGGRESSIVE;
				CLANG_CXX_LANGUAGE_STANDARD = "gnu++20";
				CLANG_ENABLE_MODULES = YES;
				CLANG_ENABLE_OBJC_ARC = YES;
				CLANG_ENABLE_OBJC_WEAK = YES;
				CLANG_WARN_BLOCK_CAPTURE_AUTORELEASING = YES;
				CLANG_WARN_BOOL_CONVERSION = YES;
				CLANG_WARN_COMMA = YES;
				CLANG_WARN_CONSTANT_CONVERSION = YES;
				CLANG_WARN_DEPRECATED_OBJC_IMPLEMENTATIONS = YES;
				CLANG_WARN_DIRECT_OBJC_ISA_USAGE = YES_ERROR;
				CLANG_WARN_DOCUMENTATION_COMMENTS = YES;
				CLANG_WARN_EMPTY_BODY = YES;
				CLANG_WARN_ENUM_CONVERSION = YES;
				CLANG_WARN_INFINITE_RECURSION = YES;
				CLANG_WARN_INT_CONVERSION = YES;
				CLANG_WARN_NON_LITERAL_NULL_CONVERSION = YES;
				CLANG_WARN_OBJC_IMPLICIT_RETAIN_SELF = YES;
				CLANG_WARN_OBJC_LITERAL_CONVERSION = YES;
				CLANG_WARN_OBJC_ROOT_CLASS = YES_ERROR;
				CLANG_WARN_QUOTED_INCLUDE_IN_FRAMEWORK_HEADER = YES;
				CLANG_WARN_RANGE_LOOP_ANALYSIS = YES;
				CLANG_WARN_STRICT_PROTOTYPES = YES;
				CLANG_WARN_SUSPICIOUS_MOVE = YES;
				CLANG_WARN_UNGUARDED_AVAILABILITY = YES_AGGRESSIVE;
				CLANG_WARN_UNREACHABLE_CODE = YES;
				CLANG_WARN__DUPLICATE_METHOD_MATCH = YES;
				COPY_PHASE_STRIP = NO;
				DEBUG_INFORMATION_FORMAT = dwarf;
				ENABLE_STRICT_OBJC_MSGSEND = YES;
				ENABLE_TESTABILITY = YES;
				ENABLE_USER_SCRIPT_SANDBOXING = YES;
				GCC_C_LANGUAGE_STANDARD = gnu17;
				GCC_DYNAMIC_NO_PIC = NO;
				GCC_NO_COMMON_BLOCKS = YES;
				GCC_OPTIMIZATION_LEVEL = 0;
				GCC_PREPROCESSOR_DEFINITIONS = (
					"DEBUG=1",
					"$(inherited)",
				);
				GCC_WARN_64_TO_32_BIT_CONVERSION = YES;
				GCC_WARN_ABOUT_RETURN_TYPE = YES_ERROR;
				GCC_WARN_UNDECLARED_SELECTOR = YES;
				GCC_WARN_UNINITIALIZED_AUTOS = YES_AGGRESSIVE;
				GCC_WARN_UNUSED_FUNCTION = YES;
				GCC_WARN_UNUSED_VARIABLE = YES;
				IPHONEOS_DEPLOYMENT_TARGET = 17.5;
				LOCALIZATION_PREFERS_STRING_CATALOGS = YES;
				MTL_ENABLE_DEBUG_INFO = INCLUDE_SOURCE;
				MTL_FAST_MATH = YES;
				ONLY_ACTIVE_ARCH = YES;
				SDKROOT = iphoneos;
				SWIFT_ACTIVE_COMPILATION_CONDITIONS = "DEBUG $(inherited)";
				SWIFT_OPTIMIZATION_LEVEL = "-Onone";
			};
			name = Debug;
		};
		FBAA5E3A2C778BF600431E3B /* Release */ = {
			isa = XCBuildConfiguration;
			buildSettings = {
				ALWAYS_SEARCH_USER_PATHS = NO;
				ASSETCATALOG_COMPILER_GENERATE_SWIFT_ASSET_SYMBOL_EXTENSIONS = YES;
				CLANG_ANALYZER_NONNULL = YES;
				CLANG_ANALYZER_NUMBER_OBJECT_CONVERSION = YES_AGGRESSIVE;
				CLANG_CXX_LANGUAGE_STANDARD = "gnu++20";
				CLANG_ENABLE_MODULES = YES;
				CLANG_ENABLE_OBJC_ARC = YES;
				CLANG_ENABLE_OBJC_WEAK = YES;
				CLANG_WARN_BLOCK_CAPTURE_AUTORELEASING = YES;
				CLANG_WARN_BOOL_CONVERSION = YES;
				CLANG_WARN_COMMA = YES;
				CLANG_WARN_CONSTANT_CONVERSION = YES;
				CLANG_WARN_DEPRECATED_OBJC_IMPLEMENTATIONS = YES;
				CLANG_WARN_DIRECT_OBJC_ISA_USAGE = YES_ERROR;
				CLANG_WARN_DOCUMENTATION_COMMENTS = YES;
				CLANG_WARN_EMPTY_BODY = YES;
				CLANG_WARN_ENUM_CONVERSION = YES;
				CLANG_WARN_INFINITE_RECURSION = YES;
				CLANG_WARN_INT_CONVERSION = YES;
				CLANG_WARN_NON_LITERAL_NULL_CONVERSION = YES;
				CLANG_WARN_OBJC_IMPLICIT_RETAIN_SELF = YES;
				CLANG_WARN_OBJC_LITERAL_CONVERSION = YES;
				CLANG_WARN_OBJC_ROOT_CLASS = YES_ERROR;
				CLANG_WARN_QUOTED_INCLUDE_IN_FRAMEWORK_HEADER = YES;
				CLANG_WARN_RANGE_LOOP_ANALYSIS = YES;
				CLANG_WARN_STRICT_PROTOTYPES = YES;
				CLANG_WARN_SUSPICIOUS_MOVE = YES;
				CLANG_WARN_UNGUARDED_AVAILABILITY = YES_AGGRESSIVE;
				CLANG_WARN_UNREACHABLE_CODE = YES;
				CLANG_WARN__DUPLICATE_METHOD_MATCH = YES;
				COPY_PHASE_STRIP = NO;
				DEBUG_INFORMATION_FORMAT = "dwarf-with-dsym";
				ENABLE_NS_ASSERTIONS = NO;
				ENABLE_STRICT_OBJC_MSGSEND = YES;
				ENABLE_USER_SCRIPT_SANDBOXING = YES;
				GCC_C_LANGUAGE_STANDARD = gnu17;
				GCC_NO_COMMON_BLOCKS = YES;
				GCC_WARN_64_TO_32_BIT_CONVERSION = YES;
				GCC_WARN_ABOUT_RETURN_TYPE = YES_ERROR;
				GCC_WARN_UNDECLARED_SELECTOR = YES;
				GCC_WARN_UNINITIALIZED_AUTOS = YES_AGGRESSIVE;
				GCC_WARN_UNUSED_FUNCTION = YES;
				GCC_WARN_UNUSED_VARIABLE = YES;
				IPHONEOS_DEPLOYMENT_TARGET = 17.5;
				LOCALIZATION_PREFERS_STRING_CATALOGS = YES;
				MTL_ENABLE_DEBUG_INFO = NO;
				MTL_FAST_MATH = YES;
				SDKROOT = iphoneos;
				SWIFT_COMPILATION_MODE = wholemodule;
				VALIDATE_PRODUCT = YES;
			};
			name = Release;
		};
		FBAA5E3C2C778BF600431E3B /* Debug */ = {
			isa = XCBuildConfiguration;
			buildSettings = {
				ASSETCATALOG_COMPILER_APPICON_NAME = AppIcon;
				ASSETCATALOG_COMPILER_GLOBAL_ACCENT_COLOR_NAME = AccentColor;
				CODE_SIGN_STYLE = Automatic;
				CURRENT_PROJECT_VERSION = 1;
				DEVELOPMENT_ASSET_PATHS = "\"Day18-AppleWallet/Preview Content\"";
				DEVELOPMENT_TEAM = 9V8AJZ9366;
				ENABLE_PREVIEWS = YES;
				GENERATE_INFOPLIST_FILE = YES;
				INFOPLIST_KEY_UIApplicationSceneManifest_Generation = YES;
				INFOPLIST_KEY_UIApplicationSupportsIndirectInputEvents = YES;
				INFOPLIST_KEY_UILaunchScreen_Generation = YES;
				INFOPLIST_KEY_UISupportedInterfaceOrientations_iPad = "UIInterfaceOrientationPortrait UIInterfaceOrientationPortraitUpsideDown UIInterfaceOrientationLandscapeLeft UIInterfaceOrientationLandscapeRight";
				INFOPLIST_KEY_UISupportedInterfaceOrientations_iPhone = "UIInterfaceOrientationPortrait UIInterfaceOrientationLandscapeLeft UIInterfaceOrientationLandscapeRight";
				LD_RUNPATH_SEARCH_PATHS = (
					"$(inherited)",
					"@executable_path/Frameworks",
				);
				MARKETING_VERSION = 1.0;
				PRODUCT_BUNDLE_IDENTIFIER = "BeaCardozo.Day18-AppleWallet";
				PRODUCT_NAME = "$(TARGET_NAME)";
				SWIFT_EMIT_LOC_STRINGS = YES;
				SWIFT_VERSION = 5.0;
				TARGETED_DEVICE_FAMILY = "1,2";
			};
			name = Debug;
		};
		FBAA5E3D2C778BF600431E3B /* Release */ = {
			isa = XCBuildConfiguration;
			buildSettings = {
				ASSETCATALOG_COMPILER_APPICON_NAME = AppIcon;
				ASSETCATALOG_COMPILER_GLOBAL_ACCENT_COLOR_NAME = AccentColor;
				CODE_SIGN_STYLE = Automatic;
				CURRENT_PROJECT_VERSION = 1;
				DEVELOPMENT_ASSET_PATHS = "\"Day18-AppleWallet/Preview Content\"";
				DEVELOPMENT_TEAM = 9V8AJZ9366;
				ENABLE_PREVIEWS = YES;
				GENERATE_INFOPLIST_FILE = YES;
				INFOPLIST_KEY_UIApplicationSceneManifest_Generation = YES;
				INFOPLIST_KEY_UIApplicationSupportsIndirectInputEvents = YES;
				INFOPLIST_KEY_UILaunchScreen_Generation = YES;
				INFOPLIST_KEY_UISupportedInterfaceOrientations_iPad = "UIInterfaceOrientationPortrait UIInterfaceOrientationPortraitUpsideDown UIInterfaceOrientationLandscapeLeft UIInterfaceOrientationLandscapeRight";
				INFOPLIST_KEY_UISupportedInterfaceOrientations_iPhone = "UIInterfaceOrientationPortrait UIInterfaceOrientationLandscapeLeft UIInterfaceOrientationLandscapeRight";
				LD_RUNPATH_SEARCH_PATHS = (
					"$(inherited)",
					"@executable_path/Frameworks",
				);
				MARKETING_VERSION = 1.0;
				PRODUCT_BUNDLE_IDENTIFIER = "BeaCardozo.Day18-AppleWallet";
				PRODUCT_NAME = "$(TARGET_NAME)";
				SWIFT_EMIT_LOC_STRINGS = YES;
				SWIFT_VERSION = 5.0;
				TARGETED_DEVICE_FAMILY = "1,2";
			};
			name = Release;
		};
/* End XCBuildConfiguration section */

/* Begin XCConfigurationList section */
		FBAA5E282C778BF300431E3B /* Build configuration list for PBXProject "Day18-AppleWallet" */ = {
			isa = XCConfigurationList;
			buildConfigurations = (
				FBAA5E392C778BF600431E3B /* Debug */,
				FBAA5E3A2C778BF600431E3B /* Release */,
			);
			defaultConfigurationIsVisible = 0;
			defaultConfigurationName = Release;
		};
		FBAA5E3B2C778BF600431E3B /* Build configuration list for PBXNativeTarget "Day18-AppleWallet" */ = {
			isa = XCConfigurationList;
			buildConfigurations = (
				FBAA5E3C2C778BF600431E3B /* Debug */,
				FBAA5E3D2C778BF600431E3B /* Release */,
			);
			defaultConfigurationIsVisible = 0;
			defaultConfigurationName = Release;
		};
/* End XCConfigurationList section */
	};
	rootObject = FBAA5E252C778BF300431E3B /* Project object */;
}
